// !$*UTF8*$!
{
	archiveVersion = 1;
	classes = {
	};
	objectVersion = 46;
	objects = {

/* Begin PBXBuildFile section */
		0CBF042D1E76D996003FF0B5 /* FirstFirstVC.m in Sources */ = {isa = PBXBuildFile; fileRef = 0CBF042C1E76D996003FF0B5 /* FirstFirstVC.m */; };
		0CBF04301E76DA8C003FF0B5 /* SecondFirstVC.m in Sources */ = {isa = PBXBuildFile; fileRef = 0CBF042F1E76DA8C003FF0B5 /* SecondFirstVC.m */; };
		0CBF04331E76DA9A003FF0B5 /* ThirdFirstVC.m in Sources */ = {isa = PBXBuildFile; fileRef = 0CBF04321E76DA9A003FF0B5 /* ThirdFirstVC.m */; };
		0CF499C91E76DCDE003014AB /* UIBarButtonItem+YUCustom.m in Sources */ = {isa = PBXBuildFile; fileRef = 0CF499C81E76DCDE003014AB /* UIBarButtonItem+YUCustom.m */; };
		6A990E9B1E7696A0009E3EED /* UINavigationController+YUFullscreenGesture.m in Sources */ = {isa = PBXBuildFile; fileRef = 6A990E9A1E7696A0009E3EED /* UINavigationController+YUFullscreenGesture.m */; };
		6AC05D301E7637B1007DE7EF /* main.m in Sources */ = {isa = PBXBuildFile; fileRef = 6AC05D2F1E7637B1007DE7EF /* main.m */; };
		6AC05D331E7637B1007DE7EF /* AppDelegate.m in Sources */ = {isa = PBXBuildFile; fileRef = 6AC05D321E7637B1007DE7EF /* AppDelegate.m */; };
		6AC05D3B1E7637B1007DE7EF /* Assets.xcassets in Resources */ = {isa = PBXBuildFile; fileRef = 6AC05D3A1E7637B1007DE7EF /* Assets.xcassets */; };
		6AC05D3E1E7637B1007DE7EF /* LaunchScreen.storyboard in Resources */ = {isa = PBXBuildFile; fileRef = 6AC05D3C1E7637B1007DE7EF /* LaunchScreen.storyboard */; };
		6AC05D491E76390C007DE7EF /* NavController.m in Sources */ = {isa = PBXBuildFile; fileRef = 6AC05D461E76390C007DE7EF /* NavController.m */; };
		6AC05D4D1E763985007DE7EF /* HomeViewController.m in Sources */ = {isa = PBXBuildFile; fileRef = 6AC05D4C1E763985007DE7EF /* HomeViewController.m */; };
/* End PBXBuildFile section */

/* Begin PBXFileReference section */
		0CBF042B1E76D996003FF0B5 /* FirstFirstVC.h */ = {isa = PBXFileReference; fileEncoding = 4; lastKnownFileType = sourcecode.c.h; path = FirstFirstVC.h; sourceTree = "<group>"; };
		0CBF042C1E76D996003FF0B5 /* FirstFirstVC.m */ = {isa = PBXFileReference; fileEncoding = 4; lastKnownFileType = sourcecode.c.objc; path = FirstFirstVC.m; sourceTree = "<group>"; };
		0CBF042E1E76DA8C003FF0B5 /* SecondFirstVC.h */ = {isa = PBXFileReference; fileEncoding = 4; lastKnownFileType = sourcecode.c.h; path = SecondFirstVC.h; sourceTree = "<group>"; };
		0CBF042F1E76DA8C003FF0B5 /* SecondFirstVC.m */ = {isa = PBXFileReference; fileEncoding = 4; lastKnownFileType = sourcecode.c.objc; path = SecondFirstVC.m; sourceTree = "<group>"; };
		0CBF04311E76DA9A003FF0B5 /* ThirdFirstVC.h */ = {isa = PBXFileReference; fileEncoding = 4; lastKnownFileType = sourcecode.c.h; path = ThirdFirstVC.h; sourceTree = "<group>"; };
		0CBF04321E76DA9A003FF0B5 /* ThirdFirstVC.m */ = {isa = PBXFileReference; fileEncoding = 4; lastKnownFileType = sourcecode.c.objc; path = ThirdFirstVC.m; sourceTree = "<group>"; };
		0CF499C71E76DCDE003014AB /* UIBarButtonItem+YUCustom.h */ = {isa = PBXFileReference; fileEncoding = 4; lastKnownFileType = sourcecode.c.h; path = "UIBarButtonItem+YUCustom.h"; sourceTree = "<group>"; };
		0CF499C81E76DCDE003014AB /* UIBarButtonItem+YUCustom.m */ = {isa = PBXFileReference; fileEncoding = 4; lastKnownFileType = sourcecode.c.objc; path = "UIBarButtonItem+YUCustom.m"; sourceTree = "<group>"; };
		0CF499CA1E76DD0E003014AB /* PrefixHeader.pch */ = {isa = PBXFileReference; lastKnownFileType = sourcecode.c.h; path = PrefixHeader.pch; sourceTree = "<group>"; };
		6A990E991E7696A0009E3EED /* UINavigationController+YUFullscreenGesture.h */ = {isa = PBXFileReference; fileEncoding = 4; lastKnownFileType = sourcecode.c.h; path = "UINavigationController+YUFullscreenGesture.h"; sourceTree = "<group>"; };
		6A990E9A1E7696A0009E3EED /* UINavigationController+YUFullscreenGesture.m */ = {isa = PBXFileReference; fileEncoding = 4; lastKnownFileType = sourcecode.c.objc; path = "UINavigationController+YUFullscreenGesture.m"; sourceTree = "<group>"; };
		6AC05D2B1E7637B1007DE7EF /* YUFullscreenGestureDemo.app */ = {isa = PBXFileReference; explicitFileType = wrapper.application; includeInIndex = 0; path = YUFullscreenGestureDemo.app; sourceTree = BUILT_PRODUCTS_DIR; };
		6AC05D2F1E7637B1007DE7EF /* main.m */ = {isa = PBXFileReference; lastKnownFileType = sourcecode.c.objc; path = main.m; sourceTree = "<group>"; };
		6AC05D311E7637B1007DE7EF /* AppDelegate.h */ = {isa = PBXFileReference; lastKnownFileType = sourcecode.c.h; path = AppDelegate.h; sourceTree = "<group>"; };
		6AC05D321E7637B1007DE7EF /* AppDelegate.m */ = {isa = PBXFileReference; lastKnownFileType = sourcecode.c.objc; path = AppDelegate.m; sourceTree = "<group>"; };
		6AC05D3A1E7637B1007DE7EF /* Assets.xcassets */ = {isa = PBXFileReference; lastKnownFileType = folder.assetcatalog; path = Assets.xcassets; sourceTree = "<group>"; };
		6AC05D3D1E7637B1007DE7EF /* Base */ = {isa = PBXFileReference; lastKnownFileType = file.storyboard; name = Base; path = Base.lproj/LaunchScreen.storyboard; sourceTree = "<group>"; };
		6AC05D3F1E7637B1007DE7EF /* Info.plist */ = {isa = PBXFileReference; lastKnownFileType = text.plist.xml; path = Info.plist; sourceTree = "<group>"; };
		6AC05D451E76390C007DE7EF /* NavController.h */ = {isa = PBXFileReference; fileEncoding = 4; lastKnownFileType = sourcecode.c.h; path = NavController.h; sourceTree = "<group>"; };
		6AC05D461E76390C007DE7EF /* NavController.m */ = {isa = PBXFileReference; fileEncoding = 4; lastKnownFileType = sourcecode.c.objc; path = NavController.m; sourceTree = "<group>"; };
		6AC05D4B1E763985007DE7EF /* HomeViewController.h */ = {isa = PBXFileReference; fileEncoding = 4; lastKnownFileType = sourcecode.c.h; path = HomeViewController.h; sourceTree = "<group>"; };
		6AC05D4C1E763985007DE7EF /* HomeViewController.m */ = {isa = PBXFileReference; fileEncoding = 4; lastKnownFileType = sourcecode.c.objc; path = HomeViewController.m; sourceTree = "<group>"; };
/* End PBXFileReference section */

/* Begin PBXFrameworksBuildPhase section */
		6AC05D281E7637B1007DE7EF /* Frameworks */ = {
			isa = PBXFrameworksBuildPhase;
			buildActionMask = 2147483647;
			files = (
			);
			runOnlyForDeploymentPostprocessing = 0;
		};
/* End PBXFrameworksBuildPhase section */

/* Begin PBXGroup section */
		0CF499C61E76DCDE003014AB /* Other */ = {
			isa = PBXGroup;
			children = (
				0CF499C71E76DCDE003014AB /* UIBarButtonItem+YUCustom.h */,
				0CF499C81E76DCDE003014AB /* UIBarButtonItem+YUCustom.m */,
			);
			path = Other;
			sourceTree = "<group>";
		};
		6A990E981E7696A0009E3EED /* YUFullscreenGesture */ = {
			isa = PBXGroup;
			children = (
				6A990E991E7696A0009E3EED /* UINavigationController+YUFullscreenGesture.h */,
				6A990E9A1E7696A0009E3EED /* UINavigationController+YUFullscreenGesture.m */,
			);
			name = YUFullscreenGesture;
			path = ../../YUFullscreenGesture;
			sourceTree = "<group>";
		};
		6AC05D221E7637B1007DE7EF = {
			isa = PBXGroup;
			children = (
				6AC05D2D1E7637B1007DE7EF /* YUFullscreenGestureDemo */,
				6AC05D2C1E7637B1007DE7EF /* Products */,
			);
			sourceTree = "<group>";
		};
		6AC05D2C1E7637B1007DE7EF /* Products */ = {
			isa = PBXGroup;
			children = (
				6AC05D2B1E7637B1007DE7EF /* YUFullscreenGestureDemo.app */,
			);
			name = Products;
			sourceTree = "<group>";
		};
		6AC05D2D1E7637B1007DE7EF /* YUFullscreenGestureDemo */ = {
			isa = PBXGroup;
			children = (
				6A990E981E7696A0009E3EED /* YUFullscreenGesture */,
				6AC05D451E76390C007DE7EF /* NavController.h */,
				6AC05D461E76390C007DE7EF /* NavController.m */,
				6AC05D4B1E763985007DE7EF /* HomeViewController.h */,
				6AC05D4C1E763985007DE7EF /* HomeViewController.m */,
				0CBF042B1E76D996003FF0B5 /* FirstFirstVC.h */,
				0CBF042C1E76D996003FF0B5 /* FirstFirstVC.m */,
				0CBF042E1E76DA8C003FF0B5 /* SecondFirstVC.h */,
				0CBF042F1E76DA8C003FF0B5 /* SecondFirstVC.m */,
				0CBF04311E76DA9A003FF0B5 /* ThirdFirstVC.h */,
				0CBF04321E76DA9A003FF0B5 /* ThirdFirstVC.m */,
				0CF499C61E76DCDE003014AB /* Other */,
				6AC05D2E1E7637B1007DE7EF /* Supporting Files */,
			);
			path = YUFullscreenGestureDemo;
			sourceTree = "<group>";
		};
		6AC05D2E1E7637B1007DE7EF /* Supporting Files */ = {
			isa = PBXGroup;
			children = (
				0CF499CA1E76DD0E003014AB /* PrefixHeader.pch */,
				6AC05D311E7637B1007DE7EF /* AppDelegate.h */,
				6AC05D321E7637B1007DE7EF /* AppDelegate.m */,
				6AC05D3A1E7637B1007DE7EF /* Assets.xcassets */,
				6AC05D3C1E7637B1007DE7EF /* LaunchScreen.storyboard */,
				6AC05D3F1E7637B1007DE7EF /* Info.plist */,
				6AC05D2F1E7637B1007DE7EF /* main.m */,
			);
			name = "Supporting Files";
			sourceTree = "<group>";
		};
/* End PBXGroup section */

/* Begin PBXNativeTarget section */
		6AC05D2A1E7637B1007DE7EF /* YUFullscreenGestureDemo */ = {
			isa = PBXNativeTarget;
			buildConfigurationList = 6AC05D421E7637B1007DE7EF /* Build configuration list for PBXNativeTarget "YUFullscreenGestureDemo" */;
			buildPhases = (
				6AC05D271E7637B1007DE7EF /* Sources */,
				6AC05D281E7637B1007DE7EF /* Frameworks */,
				6AC05D291E7637B1007DE7EF /* Resources */,
			);
			buildRules = (
			);
			dependencies = (
			);
			name = YUFullscreenGestureDemo;
			productName = YUFullscreenGestureDemo;
			productReference = 6AC05D2B1E7637B1007DE7EF /* YUFullscreenGestureDemo.app */;
			productType = "com.apple.product-type.application";
		};
/* End PBXNativeTarget section */

/* Begin PBXProject section */
		6AC05D231E7637B1007DE7EF /* Project object */ = {
			isa = PBXProject;
			attributes = {
				LastUpgradeCheck = 0820;
				ORGANIZATIONNAME = "马裕博";
				TargetAttributes = {
					6AC05D2A1E7637B1007DE7EF = {
						CreatedOnToolsVersion = 8.2.1;
						DevelopmentTeam = DG9N8C5AP3;
						ProvisioningStyle = Automatic;
					};
				};
			};
			buildConfigurationList = 6AC05D261E7637B1007DE7EF /* Build configuration list for PBXProject "YUFullscreenGestureDemo" */;
			compatibilityVersion = "Xcode 3.2";
			developmentRegion = English;
			hasScannedForEncodings = 0;
			knownRegions = (
				en,
				Base,
			);
			mainGroup = 6AC05D221E7637B1007DE7EF;
			productRefGroup = 6AC05D2C1E7637B1007DE7EF /* Products */;
			projectDirPath = "";
			projectRoot = "";
			targets = (
				6AC05D2A1E7637B1007DE7EF /* YUFullscreenGestureDemo */,
			);
		};
/* End PBXProject section */

/* Begin PBXResourcesBuildPhase section */
		6AC05D291E7637B1007DE7EF /* Resources */ = {
			isa = PBXResourcesBuildPhase;
			buildActionMask = 2147483647;
			files = (
				6AC05D3E1E7637B1007DE7EF /* LaunchScreen.storyboard in Resources */,
				6AC05D3B1E7637B1007DE7EF /* Assets.xcassets in Resources */,
			);
			runOnlyForDeploymentPostprocessing = 0;
		};
/* End PBXResourcesBuildPhase section */

/* Begin PBXSourcesBuildPhase section */
		6AC05D271E7637B1007DE7EF /* Sources */ = {
			isa = PBXSourcesBuildPhase;
			buildActionMask = 2147483647;
			files = (
				6AC05D331E7637B1007DE7EF /* AppDelegate.m in Sources */,
				6AC05D301E7637B1007DE7EF /* main.m in Sources */,
				0CBF042D1E76D996003FF0B5 /* FirstFirstVC.m in Sources */,
				0CF499C91E76DCDE003014AB /* UIBarButtonItem+YUCustom.m in Sources */,
				6AC05D491E76390C007DE7EF /* NavController.m in Sources */,
				6AC05D4D1E763985007DE7EF /* HomeViewController.m in Sources */,
				0CBF04331E76DA9A003FF0B5 /* ThirdFirstVC.m in Sources */,
				6A990E9B1E7696A0009E3EED /* UINavigationController+YUFullscreenGesture.m in Sources */,
				0CBF04301E76DA8C003FF0B5 /* SecondFirstVC.m in Sources */,
			);
			runOnlyForDeploymentPostprocessing = 0;
		};
/* End PBXSourcesBuildPhase section */

/* Begin PBXVariantGroup section */
		6AC05D3C1E7637B1007DE7EF /* LaunchScreen.storyboard */ = {
			isa = PBXVariantGroup;
			children = (
				6AC05D3D1E7637B1007DE7EF /* Base */,
			);
			name = LaunchScreen.storyboard;
			sourceTree = "<group>";
		};
/* End PBXVariantGroup section */

/* Begin XCBuildConfiguration section */
		6AC05D401E7637B1007DE7EF /* Debug */ = {
			isa = XCBuildConfiguration;
			buildSettings = {
				ALWAYS_SEARCH_USER_PATHS = NO;
				CLANG_ANALYZER_NONNULL = YES;
				CLANG_CXX_LANGUAGE_STANDARD = "gnu++0x";
				CLANG_CXX_LIBRARY = "libc++";
				CLANG_ENABLE_MODULES = YES;
				CLANG_ENABLE_OBJC_ARC = YES;
				CLANG_WARN_BOOL_CONVERSION = YES;
				CLANG_WARN_CONSTANT_CONVERSION = YES;
				CLANG_WARN_DIRECT_OBJC_ISA_USAGE = YES_ERROR;
				CLANG_WARN_DOCUMENTATION_COMMENTS = YES;
				CLANG_WARN_EMPTY_BODY = YES;
				CLANG_WARN_ENUM_CONVERSION = YES;
				CLANG_WARN_INFINITE_RECURSION = YES;
				CLANG_WARN_INT_CONVERSION = YES;
				CLANG_WARN_OBJC_ROOT_CLASS = YES_ERROR;
				CLANG_WARN_SUSPICIOUS_MOVE = YES;
				CLANG_WARN_UNREACHABLE_CODE = YES;
				CLANG_WARN__DUPLICATE_METHOD_MATCH = YES;
				"CODE_SIGN_IDENTITY[sdk=iphoneos*]" = "iPhone Developer";
				COPY_PHASE_STRIP = NO;
				DEBUG_INFORMATION_FORMAT = dwarf;
				ENABLE_STRICT_OBJC_MSGSEND = YES;
				ENABLE_TESTABILITY = YES;
				GCC_C_LANGUAGE_STANDARD = gnu99;
				GCC_DYNAMIC_NO_PIC = NO;
				GCC_NO_COMMON_BLOCKS = YES;
				GCC_OPTIMIZATION_LEVEL = 0;
				GCC_PREPROCESSOR_DEFINITIONS = (
					"DEBUG=1",
					"$(inherited)",
				);
				GCC_WARN_64_TO_32_BIT_CONVERSION = YES;
				GCC_WARN_ABOUT_RETURN_TYPE = YES_ERROR;
				GCC_WARN_UNDECLARED_SELECTOR = YES;
				GCC_WARN_UNINITIALIZED_AUTOS = YES_AGGRESSIVE;
				GCC_WARN_UNUSED_FUNCTION = YES;
				GCC_WARN_UNUSED_VARIABLE = YES;
				IPHONEOS_DEPLOYMENT_TARGET = 10.2;
				MTL_ENABLE_DEBUG_INFO = YES;
				ONLY_ACTIVE_ARCH = YES;
				SDKROOT = iphoneos;
				TARGETED_DEVICE_FAMILY = "1,2";
			};
			name = Debug;
		};
		6AC05D411E7637B1007DE7EF /* Release */ = {
			isa = XCBuildConfiguration;
			buildSettings = {
				ALWAYS_SEARCH_USER_PATHS = NO;
				CLANG_ANALYZER_NONNULL = YES;
				CLANG_CXX_LANGUAGE_STANDARD = "gnu++0x";
				CLANG_CXX_LIBRARY = "libc++";
				CLANG_ENABLE_MODULES = YES;
				CLANG_ENABLE_OBJC_ARC = YES;
				CLANG_WARN_BOOL_CONVERSION = YES;
				CLANG_WARN_CONSTANT_CONVERSION = YES;
				CLANG_WARN_DIRECT_OBJC_ISA_USAGE = YES_ERROR;
				CLANG_WARN_DOCUMENTATION_COMMENTS = YES;
				CLANG_WARN_EMPTY_BODY = YES;
				CLANG_WARN_ENUM_CONVERSION = YES;
				CLANG_WARN_INFINITE_RECURSION = YES;
				CLANG_WARN_INT_CONVERSION = YES;
				CLANG_WARN_OBJC_ROOT_CLASS = YES_ERROR;
				CLANG_WARN_SUSPICIOUS_MOVE = YES;
				CLANG_WARN_UNREACHABLE_CODE = YES;
				CLANG_WARN__DUPLICATE_METHOD_MATCH = YES;
				"CODE_SIGN_IDENTITY[sdk=iphoneos*]" = "iPhone Developer";
				COPY_PHASE_STRIP = NO;
				DEBUG_INFORMATION_FORMAT = "dwarf-with-dsym";
				ENABLE_NS_ASSERTIONS = NO;
				ENABLE_STRICT_OBJC_MSGSEND = YES;
				GCC_C_LANGUAGE_STANDARD = gnu99;
				GCC_NO_COMMON_BLOCKS = YES;
				GCC_WARN_64_TO_32_BIT_CONVERSION = YES;
				GCC_WARN_ABOUT_RETURN_TYPE = YES_ERROR;
				GCC_WARN_UNDECLARED_SELECTOR = YES;
				GCC_WARN_UNINITIALIZED_AUTOS = YES_AGGRESSIVE;
				GCC_WARN_UNUSED_FUNCTION = YES;
				GCC_WARN_UNUSED_VARIABLE = YES;
				IPHONEOS_DEPLOYMENT_TARGET = 10.2;
				MTL_ENABLE_DEBUG_INFO = NO;
				SDKROOT = iphoneos;
				TARGETED_DEVICE_FAMILY = "1,2";
				VALIDATE_PRODUCT = YES;
			};
			name = Release;
		};
		6AC05D431E7637B1007DE7EF /* Debug */ = {
			isa = XCBuildConfiguration;
			buildSettings = {
				ASSETCATALOG_COMPILER_APPICON_NAME = AppIcon;
				DEVELOPMENT_TEAM = DG9N8C5AP3;
				GCC_PRECOMPILE_PREFIX_HEADER = YES;
				GCC_PREFIX_HEADER = YUFullscreenGestureDemo/PrefixHeader.pch;
				INFOPLIST_FILE = YUFullscreenGestureDemo/Info.plist;
				IPHONEOS_DEPLOYMENT_TARGET = 8.0;
				LD_RUNPATH_SEARCH_PATHS = "$(inherited) @executable_path/Frameworks";
				PRODUCT_BUNDLE_IDENTIFIER = cn.hospmall.www.YUFullscreenGestureDemo;
				PRODUCT_NAME = "$(TARGET_NAME)";
			};
			name = Debug;
		};
		6AC05D441E7637B1007DE7EF /* Release */ = {
			isa = XCBuildConfiguration;
			buildSettings = {
				ASSETCATALOG_COMPILER_APPICON_NAME = AppIcon;
				DEVELOPMENT_TEAM = DG9N8C5AP3;
				GCC_PRECOMPILE_PREFIX_HEADER = YES;
				GCC_PREFIX_HEADER = YUFullscreenGestureDemo/PrefixHeader.pch;
				INFOPLIST_FILE = YUFullscreenGestureDemo/Info.plist;
				IPHONEOS_DEPLOYMENT_TARGET = 8.0;
				LD_RUNPATH_SEARCH_PATHS = "$(inherited) @executable_path/Frameworks";
				PRODUCT_BUNDLE_IDENTIFIER = cn.hospmall.www.YUFullscreenGestureDemo;
				PRODUCT_NAME = "$(TARGET_NAME)";
			};
			name = Release;
		};
/* End XCBuildConfiguration section */

/* Begin XCConfigurationList section */
		6AC05D261E7637B1007DE7EF /* Build configuration list for PBXProject "YUFullscreenGestureDemo" */ = {
			isa = XCConfigurationList;
			buildConfigurations = (
				6AC05D401E7637B1007DE7EF /* Debug */,
				6AC05D411E7637B1007DE7EF /* Release */,
			);
			defaultConfigurationIsVisible = 0;
			defaultConfigurationName = Release;
		};
		6AC05D421E7637B1007DE7EF /* Build configuration list for PBXNativeTarget "YUFullscreenGestureDemo" */ = {
			isa = XCConfigurationList;
			buildConfigurations = (
				6AC05D431E7637B1007DE7EF /* Debug */,
				6AC05D441E7637B1007DE7EF /* Release */,
			);
			defaultConfigurationIsVisible = 0;
			defaultConfigurationName = Release;
		};
/* End XCConfigurationList section */
	};
	rootObject = 6AC05D231E7637B1007DE7EF /* Project object */;
}
